{
  "name": "cloudflare-reminder",
  "version": "2.0.0",
  "lockfileVersion": 3,
  "requires": true,
  "packages": {
    "": {
      "name": "cloudflare-reminder",
      "version": "2.0.0",
      "devDependencies": {
        "@cloudflare/workers-types": "^4.20240117.0"
      }
    },
    "node_modules/@cloudflare/workers-types": {
      "version": "4.20260118.0",
      "resolved": "https://registry.npmjs.org/@cloudflare/workers-types/-/workers-types-4.20260118.0.tgz",
      "integrity": "sha512-t+2Q421kAQqwBzMUDvgg2flp8zFVxOpiAyZPbyNcnPxMDHf0z3B7LqBIVQawwI6ntZinbk9f4oUmaA5bGeYwlg==",
      "dev": true,
      "license": "MIT OR Apache-2.0"
    }
  }
}
